
Microsoft Visual Studio Solution File, Format Version 12.00
# Visual Studio Version 17
VisualStudioVersion = 17.14.36705.20 d17.14
MinimumVisualStudioVersion = 10.0.40219.1
Project("{FAE04EC0-301F-11D3-BF4B-00C04F79EFBC}") = "Contacts", "Contacts.csproj", "{FE47325C-EDCB-4EDC-9B8B-89DC9FE91287}"
EndProject
Global
	GlobalSection(SolutionConfigurationPlatforms) = preSolution
		Debug|Any CPU = Debug|Any CPU
		Release|Any CPU = Release|Any CPU
	EndGlobalSection
	GlobalSection(ProjectConfigurationPlatforms) = postSolution
		{FE47325C-EDCB-4EDC-9B8B-89DC9FE91287}.Debug|Any CPU.ActiveCfg = Debug|Any CPU
		{FE47325C-EDCB-4EDC-9B8B-89DC9FE91287}.Debug|Any CPU.Build.0 = Debug|Any CPU
		{FE47325C-EDCB-4EDC-9B8B-89DC9FE91287}.Release|Any CPU.ActiveCfg = Release|Any CPU
		{FE47325C-EDCB-4EDC-9B8B-89DC9FE91287}.Release|Any CPU.Build.0 = Release|Any CPU
	EndGlobalSection
	GlobalSection(SolutionProperties) = preSolution
		HideSolutionNode = FALSE
	EndGlobalSection
	GlobalSection(ExtensibilityGlobals) = postSolution
		SolutionGuid = {911E5313-4C2C-4A44-87C0-5FCF893DA50A}
	EndGlobalSection
EndGlobal
